PODS:
  - Realm (2.8.3):
    - Realm/Headers (= 2.8.3)
  - Realm/Headers (2.8.3)
  - RealmSwift (2.8.3):
    - Realm (= 2.8.3)
  - STV-Extensions (0.1.7)

DEPENDENCIES:
  - RealmSwift
  - STV-Extensions (= 0.1.7)

SPEC CHECKSUMS:
  Realm: 3601ef091c8c499a31101d8563b991e75546cdce
  RealmSwift: 8183818515471b01a99abdd2970f8e4fd52b6f4a
  STV-Extensions: a1eb9d7341ede4d3014e2d89059c6291d7adeb44

PODFILE CHECKSUM: 44bf6682d727ba446fec12a2dc9afa6751de8d3c

COCOAPODS: 1.2.1
